# Generated by pub
# See http://pub.dartlang.org/doc/glossary.html#lockfile
packages:
  appengine:
    description:
      ref: staging
      resolved-ref: "5d2e9fcf7b4217d95f85e5b70b73795f0719ccaa"
      url: "git@github.com:dart-lang/appengine.git"
    source: git
    version: "0.1.0"
  browser:
    description: browser
    source: hosted
    version: "0.10.0+2"
  crypto:
    description: crypto
    source: hosted
    version: "0.9.0"
  fixnum:
    description: fixnum
    source: hosted
    version: "0.9.0"
  gcloud:
    description: gcloud
    source: hosted
    version: "0.0.1"
  http_server:
    description: http_server
    source: hosted
    version: "0.9.3"
  memcache:
    description:
      ref: "v0.1"
      resolved-ref: "43d2011af4f07abd201bb530cd7c7537b97e5dbc"
      url: "git@github.com:dart-lang/memcache.git"
    source: git
    version: "0.1.0"
  mime:
    description: mime
    source: hosted
    version: "0.9.0+3"
  mustache:
    description: mustache
    source: hosted
    version: "0.1.8"
  path:
    description: path
    source: hosted
    version: "1.3.0"
  protobuf:
    description: protobuf
    source: hosted
    version: "0.3.4"
